<?xml version="1.0" encoding="utf-8"?>
<Project ToolsVersion="4.0" xmlns="http://schemas.microsoft.com/developer/msbuild/2003">
  <ItemGroup>
    <Filter Include="Quelldateien">
      <UniqueIdentifier>{4FC737F1-C7A5-4376-A066-2A32D752A2FF}</UniqueIdentifier>
      <Extensions>cpp;c;cc;cxx;c++;cppm;ixx;def;odl;idl;hpj;bat;asm;asmx</Extensions>
    </Filter>
    <Filter Include="Headerdateien">
      <UniqueIdentifier>{93995380-89BD-4b04-88EB-625FBE52EBFB}</UniqueIdentifier>
      <Extensions>h;hh;hpp;hxx;h++;hm;inl;inc;ipp;xsd</Extensions>
    </Filter>
    <Filter Include="Ressourcendateien">
      <UniqueIdentifier>{67DA6AB6-F800-4c08-8B7A-83BB121AAD01}</UniqueIdentifier>
      <Extensions>rc;ico;cur;bmp;dlg;rc2;rct;bin;rgs;gif;jpg;jpeg;jpe;resx;tiff;tif;png;wav;mfcribbon-ms</Extensions>
    </Filter>
  </ItemGroup>
  <ItemGroup>
    <ClCompile Include="main.cpp">
      <Filter>Quelldateien</Filter>
    </ClCompile>
    <ClCompile Include="Application.cpp">
      <Filter>Quelldateien</Filter>
    </ClCompile>
    <ClCompile Include="Setup.cpp">
      <Filter>Quelldateien</Filter>
    </ClCompile>
    <ClCompile Include="texturemapping.cpp">
      <Filter>Quelldateien</Filter>
    </ClCompile>
    <ClCompile Include="Character.cpp">
      <Filter>Quelldateien</Filter>
    </ClCompile>
    <ClCompile Include="exception_handling.cpp">
      <Filter>Quelldateien</Filter>
    </ClCompile>
    <ClCompile Include="UI.cpp">
      <Filter>Quelldateien</Filter>
    </ClCompile>
  </ItemGroup>
  <ItemGroup>
    <ClInclude Include="config.h">
      <Filter>Headerdateien</Filter>
    </ClInclude>
    <ClInclude Include="readxml.h">
      <Filter>Headerdateien</Filter>
    </ClInclude>
    <ClInclude Include="exception_handling.h">
      <Filter>Headerdateien</Filter>
    </ClInclude>
    <ClInclude Include="Application.h">
      <Filter>Headerdateien</Filter>
    </ClInclude>
    <ClInclude Include="engine_time.h">
      <Filter>Headerdateien</Filter>
    </ClInclude>
    <ClInclude Include="Setup.h">
      <Filter>Headerdateien</Filter>
    </ClInclude>
    <ClInclude Include="collisions.h">
      <Filter>Headerdateien</Filter>
    </ClInclude>
    <ClInclude Include="geometry.h">
      <Filter>Headerdateien</Filter>
    </ClInclude>
    <ClInclude Include="primitives.h">
      <Filter>Headerdateien</Filter>
    </ClInclude>
    <ClInclude Include="texturemapping.h">
      <Filter>Headerdateien</Filter>
    </ClInclude>
    <ClInclude Include="Character.h">
      <Filter>Headerdateien</Filter>
    </ClInclude>
    <ClInclude Include="sprite.h">
      <Filter>Headerdateien</Filter>
    </ClInclude>
    <ClInclude Include="physics.h">
      <Filter>Headerdateien</Filter>
    </ClInclude>
    <ClInclude Include="convert_numbers.h">
      <Filter>Headerdateien</Filter>
    </ClInclude>
    <ClInclude Include="UI.h">
      <Filter>Headerdateien</Filter>
    </ClInclude>
    <ClInclude Include="UI_Elements.h">
      <Filter>Headerdateien</Filter>
    </ClInclude>
    <ClInclude Include="label.h">
      <Filter>Headerdateien</Filter>
    </ClInclude>
    <ClInclude Include="Enemies.h">
      <Filter>Headerdateien</Filter>
    </ClInclude>
    <ClInclude Include="camera.h">
      <Filter>Headerdateien</Filter>
    </ClInclude>
    <ClInclude Include="SDL_convert.h">
      <Filter>Headerdateien</Filter>
    </ClInclude>
    <ClInclude Include="engineFileFormat.h">
      <Filter>Headerdateien</Filter>
    </ClInclude>
    <ClInclude Include="movement_patterns.h">
      <Filter>Headerdateien</Filter>
    </ClInclude>
    <ClInclude Include="textbox.h">
      <Filter>Headerdateien</Filter>
    </ClInclude>
  </ItemGroup>
  <ItemGroup>
    <Xml Include="..\src\settings\Merlin.xml">
      <Filter>Ressourcendateien</Filter>
    </Xml>
    <Xml Include="test.xml">
      <Filter>Ressourcendateien</Filter>
    </Xml>
    <Xml Include="ui_scheme.xml">
      <Filter>Ressourcendateien</Filter>
    </Xml>
  </ItemGroup>
  <ItemGroup>
    <None Include="..\src\settings\setup.engine">
      <Filter>Ressourcendateien</Filter>
    </None>
    <None Include="images.mge_double" />
  </ItemGroup>
</Project>